
Microsoft Visual Studio Solution File, Format Version 12.00
# Visual Studio Version 17
VisualStudioVersion = 17.7.34009.444
MinimumVisualStudioVersion = 10.0.40219.1
Project("{9A19103F-16F7-4668-BE54-9A1E7A4F7556}") = "GithubCoder", "GithubCoder\GithubCoder.csproj", "{C65CB385-D0A7-449E-BF8C-97BB821EF391}"
EndProject
Project("{9A19103F-16F7-4668-BE54-9A1E7A4F7556}") = "Coder.Script", "Coder.Script\Coder.Script.csproj", "{BBDCC8AA-FE18-45BA-B76F-8FCA4DBAC1C6}"
EndProject
Project("{9A19103F-16F7-4668-BE54-9A1E7A4F7556}") = "Coder.Serivces", "Coder.Serivces\Coder.Serivces.csproj", "{11160A41-AE77-4306-9510-A0B047BDAD75}"
EndProject
Project("{2150E333-8FDC-42A3-9474-1A3956D46DE8}") = "Plugs", "Plugs", "{90F5F302-3891-4EE0-90C2-4178DD827791}"
EndProject
Project("{9A19103F-16F7-4668-BE54-9A1E7A4F7556}") = "Coder.Plugs.Hace", "Plugs\Coder.Plugs.Hace\Coder.Plugs.Hace.csproj", "{977BDCB1-8FAA-41FC-870F-AF9065A874DF}"
EndProject
Project("{9A19103F-16F7-4668-BE54-9A1E7A4F7556}") = "Coder.Plugs.Basic", "Plugs\Coder.Plugs.Basic\Coder.Plugs.Basic.csproj", "{C10B21F8-6613-4BB7-A26A-9B10DDB0D92F}"
EndProject
Project("{FAE04EC0-301F-11D3-BF4B-00C04F79EFBC}") = "Coder.Ioc", "Coder.Ioc\Coder.Ioc.csproj", "{82CE0C5C-63B9-4AEF-8E47-7C879917EF24}"
EndProject
Project("{FAE04EC0-301F-11D3-BF4B-00C04F79EFBC}") = "Coder.Ioc.ServiceCollection", "Coder.Ioc.ServiceCollection\Coder.Ioc.ServiceCollection.csproj", "{7BA54F79-133D-4211-B761-63695B73A158}"
EndProject
Global
	GlobalSection(SolutionConfigurationPlatforms) = preSolution
		Debug|Any CPU = Debug|Any CPU
		Release|Any CPU = Release|Any CPU
	EndGlobalSection
	GlobalSection(ProjectConfigurationPlatforms) = postSolution
		{C65CB385-D0A7-449E-BF8C-97BB821EF391}.Debug|Any CPU.ActiveCfg = Debug|Any CPU
		{C65CB385-D0A7-449E-BF8C-97BB821EF391}.Debug|Any CPU.Build.0 = Debug|Any CPU
		{C65CB385-D0A7-449E-BF8C-97BB821EF391}.Release|Any CPU.ActiveCfg = Release|Any CPU
		{C65CB385-D0A7-449E-BF8C-97BB821EF391}.Release|Any CPU.Build.0 = Release|Any CPU
		{BBDCC8AA-FE18-45BA-B76F-8FCA4DBAC1C6}.Debug|Any CPU.ActiveCfg = Debug|Any CPU
		{BBDCC8AA-FE18-45BA-B76F-8FCA4DBAC1C6}.Debug|Any CPU.Build.0 = Debug|Any CPU
		{BBDCC8AA-FE18-45BA-B76F-8FCA4DBAC1C6}.Release|Any CPU.ActiveCfg = Release|Any CPU
		{BBDCC8AA-FE18-45BA-B76F-8FCA4DBAC1C6}.Release|Any CPU.Build.0 = Release|Any CPU
		{11160A41-AE77-4306-9510-A0B047BDAD75}.Debug|Any CPU.ActiveCfg = Debug|Any CPU
		{11160A41-AE77-4306-9510-A0B047BDAD75}.Debug|Any CPU.Build.0 = Debug|Any CPU
		{11160A41-AE77-4306-9510-A0B047BDAD75}.Release|Any CPU.ActiveCfg = Release|Any CPU
		{11160A41-AE77-4306-9510-A0B047BDAD75}.Release|Any CPU.Build.0 = Release|Any CPU
		{977BDCB1-8FAA-41FC-870F-AF9065A874DF}.Debug|Any CPU.ActiveCfg = Debug|Any CPU
		{977BDCB1-8FAA-41FC-870F-AF9065A874DF}.Debug|Any CPU.Build.0 = Debug|Any CPU
		{977BDCB1-8FAA-41FC-870F-AF9065A874DF}.Release|Any CPU.ActiveCfg = Release|Any CPU
		{977BDCB1-8FAA-41FC-870F-AF9065A874DF}.Release|Any CPU.Build.0 = Release|Any CPU
		{C10B21F8-6613-4BB7-A26A-9B10DDB0D92F}.Debug|Any CPU.ActiveCfg = Debug|Any CPU
		{C10B21F8-6613-4BB7-A26A-9B10DDB0D92F}.Debug|Any CPU.Build.0 = Debug|Any CPU
		{C10B21F8-6613-4BB7-A26A-9B10DDB0D92F}.Release|Any CPU.ActiveCfg = Release|Any CPU
		{C10B21F8-6613-4BB7-A26A-9B10DDB0D92F}.Release|Any CPU.Build.0 = Release|Any CPU
		{82CE0C5C-63B9-4AEF-8E47-7C879917EF24}.Debug|Any CPU.ActiveCfg = Debug|Any CPU
		{82CE0C5C-63B9-4AEF-8E47-7C879917EF24}.Debug|Any CPU.Build.0 = Debug|Any CPU
		{82CE0C5C-63B9-4AEF-8E47-7C879917EF24}.Release|Any CPU.ActiveCfg = Release|Any CPU
		{82CE0C5C-63B9-4AEF-8E47-7C879917EF24}.Release|Any CPU.Build.0 = Release|Any CPU
		{7BA54F79-133D-4211-B761-63695B73A158}.Debug|Any CPU.ActiveCfg = Debug|Any CPU
		{7BA54F79-133D-4211-B761-63695B73A158}.Debug|Any CPU.Build.0 = Debug|Any CPU
		{7BA54F79-133D-4211-B761-63695B73A158}.Release|Any CPU.ActiveCfg = Release|Any CPU
		{7BA54F79-133D-4211-B761-63695B73A158}.Release|Any CPU.Build.0 = Release|Any CPU
	EndGlobalSection
	GlobalSection(SolutionProperties) = preSolution
		HideSolutionNode = FALSE
	EndGlobalSection
	GlobalSection(NestedProjects) = preSolution
		{977BDCB1-8FAA-41FC-870F-AF9065A874DF} = {90F5F302-3891-4EE0-90C2-4178DD827791}
		{C10B21F8-6613-4BB7-A26A-9B10DDB0D92F} = {90F5F302-3891-4EE0-90C2-4178DD827791}
	EndGlobalSection
	GlobalSection(ExtensibilityGlobals) = postSolution
		SolutionGuid = {E0619897-2E27-45F6-9643-A33F3A94B3BC}
	EndGlobalSection
EndGlobal
